
Microsoft Visual Studio Solution File, Format Version 12.00
# Visual Studio 2013
VisualStudioVersion = 12.0.31101.0
MinimumVisualStudioVersion = 10.0.40219.1
Project("{8BC9CEB8-8B4A-11D0-8D11-00A0C91BC942}") = "AnCommPCI", "AnCommPCI\AnCommPCI.vcxproj", "{42B2084C-4FB1-40BC-A9DA-C544F84B4172}"
EndProject
Project("{8BC9CEB8-8B4A-11D0-8D11-00A0C91BC942}") = "CommandTool", "CommandTool\CommandTool.vcxproj", "{663DEDD2-6A8D-4C77-9248-093FD0046D45}"
EndProject
Project("{FAE04EC0-301F-11D3-BF4B-00C04F79EFBC}") = "CommSample", "CommSample\CommSample.csproj", "{714F6A36-5D93-4C8C-B957-2B461BDE7249}"
EndProject
Project("{FAE04EC0-301F-11D3-BF4B-00C04F79EFBC}") = "AnCommLib", "AnCommLib\AnCommLib.csproj", "{7A8E8EF3-996E-46A3-AD3E-853E3BC50007}"
EndProject
Global
	GlobalSection(SolutionConfigurationPlatforms) = preSolution
		Debug|Any CPU = Debug|Any CPU
		Debug|Mixed Platforms = Debug|Mixed Platforms
		Debug|Win32 = Debug|Win32
		Release|Any CPU = Release|Any CPU
		Release|Mixed Platforms = Release|Mixed Platforms
		Release|Win32 = Release|Win32
	EndGlobalSection
	GlobalSection(ProjectConfigurationPlatforms) = postSolution
		{42B2084C-4FB1-40BC-A9DA-C544F84B4172}.Debug|Any CPU.ActiveCfg = Debug|Win32
		{42B2084C-4FB1-40BC-A9DA-C544F84B4172}.Debug|Mixed Platforms.ActiveCfg = Debug|Win32
		{42B2084C-4FB1-40BC-A9DA-C544F84B4172}.Debug|Mixed Platforms.Build.0 = Debug|Win32
		{42B2084C-4FB1-40BC-A9DA-C544F84B4172}.Debug|Win32.ActiveCfg = Debug|Win32
		{42B2084C-4FB1-40BC-A9DA-C544F84B4172}.Debug|Win32.Build.0 = Debug|Win32
		{42B2084C-4FB1-40BC-A9DA-C544F84B4172}.Release|Any CPU.ActiveCfg = Release|Win32
		{42B2084C-4FB1-40BC-A9DA-C544F84B4172}.Release|Mixed Platforms.ActiveCfg = Release|Win32
		{42B2084C-4FB1-40BC-A9DA-C544F84B4172}.Release|Mixed Platforms.Build.0 = Release|Win32
		{42B2084C-4FB1-40BC-A9DA-C544F84B4172}.Release|Win32.ActiveCfg = Release|Win32
		{42B2084C-4FB1-40BC-A9DA-C544F84B4172}.Release|Win32.Build.0 = Release|Win32
		{663DEDD2-6A8D-4C77-9248-093FD0046D45}.Debug|Any CPU.ActiveCfg = Debug|Win32
		{663DEDD2-6A8D-4C77-9248-093FD0046D45}.Debug|Mixed Platforms.ActiveCfg = Debug|Win32
		{663DEDD2-6A8D-4C77-9248-093FD0046D45}.Debug|Mixed Platforms.Build.0 = Debug|Win32
		{663DEDD2-6A8D-4C77-9248-093FD0046D45}.Debug|Win32.ActiveCfg = Debug|Win32
		{663DEDD2-6A8D-4C77-9248-093FD0046D45}.Debug|Win32.Build.0 = Debug|Win32
		{663DEDD2-6A8D-4C77-9248-093FD0046D45}.Release|Any CPU.ActiveCfg = Release|Win32
		{663DEDD2-6A8D-4C77-9248-093FD0046D45}.Release|Mixed Platforms.ActiveCfg = Release|Win32
		{663DEDD2-6A8D-4C77-9248-093FD0046D45}.Release|Mixed Platforms.Build.0 = Release|Win32
		{663DEDD2-6A8D-4C77-9248-093FD0046D45}.Release|Win32.ActiveCfg = Release|Win32
		{663DEDD2-6A8D-4C77-9248-093FD0046D45}.Release|Win32.Build.0 = Release|Win32
		{714F6A36-5D93-4C8C-B957-2B461BDE7249}.Debug|Any CPU.ActiveCfg = Debug|Any CPU
		{714F6A36-5D93-4C8C-B957-2B461BDE7249}.Debug|Any CPU.Build.0 = Debug|Any CPU
		{714F6A36-5D93-4C8C-B957-2B461BDE7249}.Debug|Mixed Platforms.ActiveCfg = Debug|Any CPU
		{714F6A36-5D93-4C8C-B957-2B461BDE7249}.Debug|Mixed Platforms.Build.0 = Debug|Any CPU
		{714F6A36-5D93-4C8C-B957-2B461BDE7249}.Debug|Win32.ActiveCfg = Debug|Any CPU
		{714F6A36-5D93-4C8C-B957-2B461BDE7249}.Release|Any CPU.ActiveCfg = Release|Any CPU
		{714F6A36-5D93-4C8C-B957-2B461BDE7249}.Release|Any CPU.Build.0 = Release|Any CPU
		{714F6A36-5D93-4C8C-B957-2B461BDE7249}.Release|Mixed Platforms.ActiveCfg = Release|Any CPU
		{714F6A36-5D93-4C8C-B957-2B461BDE7249}.Release|Mixed Platforms.Build.0 = Release|Any CPU
		{714F6A36-5D93-4C8C-B957-2B461BDE7249}.Release|Win32.ActiveCfg = Release|Any CPU
		{7A8E8EF3-996E-46A3-AD3E-853E3BC50007}.Debug|Any CPU.ActiveCfg = Debug|Any CPU
		{7A8E8EF3-996E-46A3-AD3E-853E3BC50007}.Debug|Any CPU.Build.0 = Debug|Any CPU
		{7A8E8EF3-996E-46A3-AD3E-853E3BC50007}.Debug|Mixed Platforms.ActiveCfg = Debug|Any CPU
		{7A8E8EF3-996E-46A3-AD3E-853E3BC50007}.Debug|Mixed Platforms.Build.0 = Debug|Any CPU
		{7A8E8EF3-996E-46A3-AD3E-853E3BC50007}.Debug|Win32.ActiveCfg = Debug|Any CPU
		{7A8E8EF3-996E-46A3-AD3E-853E3BC50007}.Release|Any CPU.ActiveCfg = Release|Any CPU
		{7A8E8EF3-996E-46A3-AD3E-853E3BC50007}.Release|Any CPU.Build.0 = Release|Any CPU
		{7A8E8EF3-996E-46A3-AD3E-853E3BC50007}.Release|Mixed Platforms.ActiveCfg = Release|Any CPU
		{7A8E8EF3-996E-46A3-AD3E-853E3BC50007}.Release|Mixed Platforms.Build.0 = Release|Any CPU
		{7A8E8EF3-996E-46A3-AD3E-853E3BC50007}.Release|Win32.ActiveCfg = Release|Any CPU
	EndGlobalSection
	GlobalSection(SolutionProperties) = preSolution
		HideSolutionNode = FALSE
	EndGlobalSection
EndGlobal
